// !$*UTF8*$!
{
	archiveVersion = 1;
	classes = {
	};
	objectVersion = 55;
	objects = {

/* Begin PBXBuildFile section */
		32A33D43279E433500267B10 /* AppDelegate.swift in Sources */ = {isa = PBXBuildFile; fileRef = 32A33D42279E433500267B10 /* AppDelegate.swift */; };
		32A33D45279E433500267B10 /* SceneDelegate.swift in Sources */ = {isa = PBXBuildFile; fileRef = 32A33D44279E433500267B10 /* SceneDelegate.swift */; };
		32A33D47279E433500267B10 /* ViewController.swift in Sources */ = {isa = PBXBuildFile; fileRef = 32A33D46279E433500267B10 /* ViewController.swift */; };
		32A33D4A279E433500267B10 /* Main.storyboard in Resources */ = {isa = PBXBuildFile; fileRef = 32A33D48279E433500267B10 /* Main.storyboard */; };
		32A33D4C279E433600267B10 /* Assets.xcassets in Resources */ = {isa = PBXBuildFile; fileRef = 32A33D4B279E433600267B10 /* Assets.xcassets */; };
		32A33D4F279E433600267B10 /* LaunchScreen.storyboard in Resources */ = {isa = PBXBuildFile; fileRef = 32A33D4D279E433600267B10 /* LaunchScreen.storyboard */; };
		32A33D5A279E433600267B10 /* loancalcTests.swift in Sources */ = {isa = PBXBuildFile; fileRef = 32A33D59279E433600267B10 /* loancalcTests.swift */; };
		32A33D64279E433600267B10 /* loancalcUITests.swift in Sources */ = {isa = PBXBuildFile; fileRef = 32A33D63279E433600267B10 /* loancalcUITests.swift */; };
		32A33D66279E433600267B10 /* loancalcUITestsLaunchTests.swift in Sources */ = {isa = PBXBuildFile; fileRef = 32A33D65279E433600267B10 /* loancalcUITestsLaunchTests.swift */; };
/* End PBXBuildFile section */

/* Begin PBXContainerItemProxy section */
		32A33D56279E433600267B10 /* PBXContainerItemProxy */ = {
			isa = PBXContainerItemProxy;
			containerPortal = 32A33D37279E433500267B10 /* Project object */;
			proxyType = 1;
			remoteGlobalIDString = 32A33D3E279E433500267B10;
			remoteInfo = loancalc;
		};
		32A33D60279E433600267B10 /* PBXContainerItemProxy */ = {
			isa = PBXContainerItemProxy;
			containerPortal = 32A33D37279E433500267B10 /* Project object */;
			proxyType = 1;
			remoteGlobalIDString = 32A33D3E279E433500267B10;
			remoteInfo = loancalc;
		};
/* End PBXContainerItemProxy section */

/* Begin PBXFileReference section */
		32A33D3F279E433500267B10 /* loancalc.app */ = {isa = PBXFileReference; explicitFileType = wrapper.application; includeInIndex = 0; path = loancalc.app; sourceTree = BUILT_PRODUCTS_DIR; };
		32A33D42279E433500267B10 /* AppDelegate.swift */ = {isa = PBXFileReference; lastKnownFileType = sourcecode.swift; path = AppDelegate.swift; sourceTree = "<group>"; };
		32A33D44279E433500267B10 /* SceneDelegate.swift */ = {isa = PBXFileReference; lastKnownFileType = sourcecode.swift; path = SceneDelegate.swift; sourceTree = "<group>"; };
		32A33D46279E433500267B10 /* ViewController.swift */ = {isa = PBXFileReference; lastKnownFileType = sourcecode.swift; path = ViewController.swift; sourceTree = "<group>"; };
		32A33D49279E433500267B10 /* Base */ = {isa = PBXFileReference; lastKnownFileType = file.storyboard; name = Base; path = Base.lproj/Main.storyboard; sourceTree = "<group>"; };
		32A33D4B279E433600267B10 /* Assets.xcassets */ = {isa = PBXFileReference; lastKnownFileType = folder.assetcatalog; path = Assets.xcassets; sourceTree = "<group>"; };
		32A33D4E279E433600267B10 /* Base */ = {isa = PBXFileReference; lastKnownFileType = file.storyboard; name = Base; path = Base.lproj/LaunchScreen.storyboard; sourceTree = "<group>"; };
		32A33D50279E433600267B10 /* Info.plist */ = {isa = PBXFileReference; lastKnownFileType = text.plist.xml; path = Info.plist; sourceTree = "<group>"; };
		32A33D55279E433600267B10 /* loancalcTests.xctest */ = {isa = PBXFileReference; explicitFileType = wrapper.cfbundle; includeInIndex = 0; path = loancalcTests.xctest; sourceTree = BUILT_PRODUCTS_DIR; };
		32A33D59279E433600267B10 /* loancalcTests.swift */ = {isa = PBXFileReference; lastKnownFileType = sourcecode.swift; path = loancalcTests.swift; sourceTree = "<group>"; };
		32A33D5F279E433600267B10 /* loancalcUITests.xctest */ = {isa = PBXFileReference; explicitFileType = wrapper.cfbundle; includeInIndex = 0; path = loancalcUITests.xctest; sourceTree = BUILT_PRODUCTS_DIR; };
		32A33D63279E433600267B10 /* loancalcUITests.swift */ = {isa = PBXFileReference; lastKnownFileType = sourcecode.swift; path = loancalcUITests.swift; sourceTree = "<group>"; };
		32A33D65279E433600267B10 /* loancalcUITestsLaunchTests.swift */ = {isa = PBXFileReference; lastKnownFileType = sourcecode.swift; path = loancalcUITestsLaunchTests.swift; sourceTree = "<group>"; };
/* End PBXFileReference section */

/* Begin PBXFrameworksBuildPhase section */
		32A33D3C279E433500267B10 /* Frameworks */ = {
			isa = PBXFrameworksBuildPhase;
			buildActionMask = 2147483647;
			files = (
			);
			runOnlyForDeploymentPostprocessing = 0;
		};
		32A33D52279E433600267B10 /* Frameworks */ = {
			isa = PBXFrameworksBuildPhase;
			buildActionMask = 2147483647;
			files = (
			);
			runOnlyForDeploymentPostprocessing = 0;
		};
		32A33D5C279E433600267B10 /* Frameworks */ = {
			isa = PBXFrameworksBuildPhase;
			buildActionMask = 2147483647;
			files = (
			);
			runOnlyForDeploymentPostprocessing = 0;
		};
/* End PBXFrameworksBuildPhase section */

/* Begin PBXGroup section */
		32A33D36279E433500267B10 = {
			isa = PBXGroup;
			children = (
				32A33D41279E433500267B10 /* loancalc */,
				32A33D58279E433600267B10 /* loancalcTests */,
				32A33D62279E433600267B10 /* loancalcUITests */,
				32A33D40279E433500267B10 /* Products */,
			);
			sourceTree = "<group>";
		};
		32A33D40279E433500267B10 /* Products */ = {
			isa = PBXGroup;
			children = (
				32A33D3F279E433500267B10 /* loancalc.app */,
				32A33D55279E433600267B10 /* loancalcTests.xctest */,
				32A33D5F279E433600267B10 /* loancalcUITests.xctest */,
			);
			name = Products;
			sourceTree = "<group>";
		};
		32A33D41279E433500267B10 /* loancalc */ = {
			isa = PBXGroup;
			children = (
				32A33D42279E433500267B10 /* AppDelegate.swift */,
				32A33D44279E433500267B10 /* SceneDelegate.swift */,
				32A33D46279E433500267B10 /* ViewController.swift */,
				32A33D48279E433500267B10 /* Main.storyboard */,
				32A33D4B279E433600267B10 /* Assets.xcassets */,
				32A33D4D279E433600267B10 /* LaunchScreen.storyboard */,
				32A33D50279E433600267B10 /* Info.plist */,
			);
			path = loancalc;
			sourceTree = "<group>";
		};
		32A33D58279E433600267B10 /* loancalcTests */ = {
			isa = PBXGroup;
			children = (
				32A33D59279E433600267B10 /* loancalcTests.swift */,
			);
			path = loancalcTests;
			sourceTree = "<group>";
		};
		32A33D62279E433600267B10 /* loancalcUITests */ = {
			isa = PBXGroup;
			children = (
				32A33D63279E433600267B10 /* loancalcUITests.swift */,
				32A33D65279E433600267B10 /* loancalcUITestsLaunchTests.swift */,
			);
			path = loancalcUITests;
			sourceTree = "<group>";
		};
/* End PBXGroup section */

/* Begin PBXNativeTarget section */
		32A33D3E279E433500267B10 /* loancalc */ = {
			isa = PBXNativeTarget;
			buildConfigurationList = 32A33D69279E433600267B10 /* Build configuration list for PBXNativeTarget "loancalc" */;
			buildPhases = (
				32A33D3B279E433500267B10 /* Sources */,
				32A33D3C279E433500267B10 /* Frameworks */,
				32A33D3D279E433500267B10 /* Resources */,
			);
			buildRules = (
			);
			dependencies = (
			);
			name = loancalc;
			productName = loancalc;
			productReference = 32A33D3F279E433500267B10 /* loancalc.app */;
			productType = "com.apple.product-type.application";
		};
		32A33D54279E433600267B10 /* loancalcTests */ = {
			isa = PBXNativeTarget;
			buildConfigurationList = 32A33D6C279E433600267B10 /* Build configuration list for PBXNativeTarget "loancalcTests" */;
			buildPhases = (
				32A33D51279E433600267B10 /* Sources */,
				32A33D52279E433600267B10 /* Frameworks */,
				32A33D53279E433600267B10 /* Resources */,
			);
			buildRules = (
			);
			dependencies = (
				32A33D57279E433600267B10 /* PBXTargetDependency */,
			);
			name = loancalcTests;
			productName = loancalcTests;
			productReference = 32A33D55279E433600267B10 /* loancalcTests.xctest */;
			productType = "com.apple.product-type.bundle.unit-test";
		};
		32A33D5E279E433600267B10 /* loancalcUITests */ = {
			isa = PBXNativeTarget;
			buildConfigurationList = 32A33D6F279E433600267B10 /* Build configuration list for PBXNativeTarget "loancalcUITests" */;
			buildPhases = (
				32A33D5B279E433600267B10 /* Sources */,
				32A33D5C279E433600267B10 /* Frameworks */,
				32A33D5D279E433600267B10 /* Resources */,
			);
			buildRules = (
			);
			dependencies = (
				32A33D61279E433600267B10 /* PBXTargetDependency */,
			);
			name = loancalcUITests;
			productName = loancalcUITests;
			productReference = 32A33D5F279E433600267B10 /* loancalcUITests.xctest */;
			productType = "com.apple.product-type.bundle.ui-testing";
		};
/* End PBXNativeTarget section */

/* Begin PBXProject section */
		32A33D37279E433500267B10 /* Project object */ = {
			isa = PBXProject;
			attributes = {
				BuildIndependentTargetsInParallel = 1;
				LastSwiftUpdateCheck = 1320;
				LastUpgradeCheck = 1320;
				TargetAttributes = {
					32A33D3E279E433500267B10 = {
						CreatedOnToolsVersion = 13.2;
					};
					32A33D54279E433600267B10 = {
						CreatedOnToolsVersion = 13.2;
						TestTargetID = 32A33D3E279E433500267B10;
					};
					32A33D5E279E433600267B10 = {
						CreatedOnToolsVersion = 13.2;
						TestTargetID = 32A33D3E279E433500267B10;
					};
				};
			};
			buildConfigurationList = 32A33D3A279E433500267B10 /* Build configuration list for PBXProject "loancalc" */;
			compatibilityVersion = "Xcode 13.0";
			developmentRegion = en;
			hasScannedForEncodings = 0;
			knownRegions = (
				en,
				Base,
			);
			mainGroup = 32A33D36279E433500267B10;
			productRefGroup = 32A33D40279E433500267B10 /* Products */;
			projectDirPath = "";
			projectRoot = "";
			targets = (
				32A33D3E279E433500267B10 /* loancalc */,
				32A33D54279E433600267B10 /* loancalcTests */,
				32A33D5E279E433600267B10 /* loancalcUITests */,
			);
		};
/* End PBXProject section */

/* Begin PBXResourcesBuildPhase section */
		32A33D3D279E433500267B10 /* Resources */ = {
			isa = PBXResourcesBuildPhase;
			buildActionMask = 2147483647;
			files = (
				32A33D4F279E433600267B10 /* LaunchScreen.storyboard in Resources */,
				32A33D4C279E433600267B10 /* Assets.xcassets in Resources */,
				32A33D4A279E433500267B10 /* Main.storyboard in Resources */,
			);
			runOnlyForDeploymentPostprocessing = 0;
		};
		32A33D53279E433600267B10 /* Resources */ = {
			isa = PBXResourcesBuildPhase;
			buildActionMask = 2147483647;
			files = (
			);
			runOnlyForDeploymentPostprocessing = 0;
		};
		32A33D5D279E433600267B10 /* Resources */ = {
			isa = PBXResourcesBuildPhase;
			buildActionMask = 2147483647;
			files = (
			);
			runOnlyForDeploymentPostprocessing = 0;
		};
/* End PBXResourcesBuildPhase section */

/* Begin PBXSourcesBuildPhase section */
		32A33D3B279E433500267B10 /* Sources */ = {
			isa = PBXSourcesBuildPhase;
			buildActionMask = 2147483647;
			files = (
				32A33D47279E433500267B10 /* ViewController.swift in Sources */,
				32A33D43279E433500267B10 /* AppDelegate.swift in Sources */,
				32A33D45279E433500267B10 /* SceneDelegate.swift in Sources */,
			);
			runOnlyForDeploymentPostprocessing = 0;
		};
		32A33D51279E433600267B10 /* Sources */ = {
			isa = PBXSourcesBuildPhase;
			buildActionMask = 2147483647;
			files = (
				32A33D5A279E433600267B10 /* loancalcTests.swift in Sources */,
			);
			runOnlyForDeploymentPostprocessing = 0;
		};
		32A33D5B279E433600267B10 /* Sources */ = {
			isa = PBXSourcesBuildPhase;
			buildActionMask = 2147483647;
			files = (
				32A33D66279E433600267B10 /* loancalcUITestsLaunchTests.swift in Sources */,
				32A33D64279E433600267B10 /* loancalcUITests.swift in Sources */,
			);
			runOnlyForDeploymentPostprocessing = 0;
		};
/* End PBXSourcesBuildPhase section */

/* Begin PBXTargetDependency section */
		32A33D57279E433600267B10 /* PBXTargetDependency */ = {
			isa = PBXTargetDependency;
			target = 32A33D3E279E433500267B10 /* loancalc */;
			targetProxy = 32A33D56279E433600267B10 /* PBXContainerItemProxy */;
		};
		32A33D61279E433600267B10 /* PBXTargetDependency */ = {
			isa = PBXTargetDependency;
			target = 32A33D3E279E433500267B10 /* loancalc */;
			targetProxy = 32A33D60279E433600267B10 /* PBXContainerItemProxy */;
		};
/* End PBXTargetDependency section */

/* Begin PBXVariantGroup section */
		32A33D48279E433500267B10 /* Main.storyboard */ = {
			isa = PBXVariantGroup;
			children = (
				32A33D49279E433500267B10 /* Base */,
			);
			name = Main.storyboard;
			sourceTree = "<group>";
		};
		32A33D4D279E433600267B10 /* LaunchScreen.storyboard */ = {
			isa = PBXVariantGroup;
			children = (
				32A33D4E279E433600267B10 /* Base */,
			);
			name = LaunchScreen.storyboard;
			sourceTree = "<group>";
		};
/* End PBXVariantGroup section */

/* Begin XCBuildConfiguration section */
		32A33D67279E433600267B10 /* Debug */ = {
			isa = XCBuildConfiguration;
			buildSettings = {
				ALWAYS_SEARCH_USER_PATHS = NO;
				CLANG_ANALYZER_NONNULL = YES;
				CLANG_ANALYZER_NUMBER_OBJECT_CONVERSION = YES_AGGRESSIVE;
				CLANG_CXX_LANGUAGE_STANDARD = "gnu++17";
				CLANG_CXX_LIBRARY = "libc++";
				CLANG_ENABLE_MODULES = YES;
				CLANG_ENABLE_OBJC_ARC = YES;
				CLANG_ENABLE_OBJC_WEAK = YES;
				CLANG_WARN_BLOCK_CAPTURE_AUTORELEASING = YES;
				CLANG_WARN_BOOL_CONVERSION = YES;
				CLANG_WARN_COMMA = YES;
				CLANG_WARN_CONSTANT_CONVERSION = YES;
				CLANG_WARN_DEPRECATED_OBJC_IMPLEMENTATIONS = YES;
				CLANG_WARN_DIRECT_OBJC_ISA_USAGE = YES_ERROR;
				CLANG_WARN_DOCUMENTATION_COMMENTS = YES;
				CLANG_WARN_EMPTY_BODY = YES;
				CLANG_WARN_ENUM_CONVERSION = YES;
				CLANG_WARN_INFINITE_RECURSION = YES;
				CLANG_WARN_INT_CONVERSION = YES;
				CLANG_WARN_NON_LITERAL_NULL_CONVERSION = YES;
				CLANG_WARN_OBJC_IMPLICIT_RETAIN_SELF = YES;
				CLANG_WARN_OBJC_LITERAL_CONVERSION = YES;
				CLANG_WARN_OBJC_ROOT_CLASS = YES_ERROR;
				CLANG_WARN_QUOTED_INCLUDE_IN_FRAMEWORK_HEADER = YES;
				CLANG_WARN_RANGE_LOOP_ANALYSIS = YES;
				CLANG_WARN_STRICT_PROTOTYPES = YES;
				CLANG_WARN_SUSPICIOUS_MOVE = YES;
				CLANG_WARN_UNGUARDED_AVAILABILITY = YES_AGGRESSIVE;
				CLANG_WARN_UNREACHABLE_CODE = YES;
				CLANG_WARN__DUPLICATE_METHOD_MATCH = YES;
				COPY_PHASE_STRIP = NO;
				DEBUG_INFORMATION_FORMAT = dwarf;
				ENABLE_STRICT_OBJC_MSGSEND = YES;
				ENABLE_TESTABILITY = YES;
				GCC_C_LANGUAGE_STANDARD = gnu11;
				GCC_DYNAMIC_NO_PIC = NO;
				GCC_NO_COMMON_BLOCKS = YES;
				GCC_OPTIMIZATION_LEVEL = 0;
				GCC_PREPROCESSOR_DEFINITIONS = (
					"DEBUG=1",
					"$(inherited)",
				);
				GCC_WARN_64_TO_32_BIT_CONVERSION = YES;
				GCC_WARN_ABOUT_RETURN_TYPE = YES_ERROR;
				GCC_WARN_UNDECLARED_SELECTOR = YES;
				GCC_WARN_UNINITIALIZED_AUTOS = YES_AGGRESSIVE;
				GCC_WARN_UNUSED_FUNCTION = YES;
				GCC_WARN_UNUSED_VARIABLE = YES;
				IPHONEOS_DEPLOYMENT_TARGET = 15.2;
				MTL_ENABLE_DEBUG_INFO = INCLUDE_SOURCE;
				MTL_FAST_MATH = YES;
				ONLY_ACTIVE_ARCH = YES;
				SDKROOT = iphoneos;
				SWIFT_ACTIVE_COMPILATION_CONDITIONS = DEBUG;
				SWIFT_OPTIMIZATION_LEVEL = "-Onone";
			};
			name = Debug;
		};
		32A33D68279E433600267B10 /* Release */ = {
			isa = XCBuildConfiguration;
			buildSettings = {
				ALWAYS_SEARCH_USER_PATHS = NO;
				CLANG_ANALYZER_NONNULL = YES;
				CLANG_ANALYZER_NUMBER_OBJECT_CONVERSION = YES_AGGRESSIVE;
				CLANG_CXX_LANGUAGE_STANDARD = "gnu++17";
				CLANG_CXX_LIBRARY = "libc++";
				CLANG_ENABLE_MODULES = YES;
				CLANG_ENABLE_OBJC_ARC = YES;
				CLANG_ENABLE_OBJC_WEAK = YES;
				CLANG_WARN_BLOCK_CAPTURE_AUTORELEASING = YES;
				CLANG_WARN_BOOL_CONVERSION = YES;
				CLANG_WARN_COMMA = YES;
				CLANG_WARN_CONSTANT_CONVERSION = YES;
				CLANG_WARN_DEPRECATED_OBJC_IMPLEMENTATIONS = YES;
				CLANG_WARN_DIRECT_OBJC_ISA_USAGE = YES_ERROR;
				CLANG_WARN_DOCUMENTATION_COMMENTS = YES;
				CLANG_WARN_EMPTY_BODY = YES;
				CLANG_WARN_ENUM_CONVERSION = YES;
				CLANG_WARN_INFINITE_RECURSION = YES;
				CLANG_WARN_INT_CONVERSION = YES;
				CLANG_WARN_NON_LITERAL_NULL_CONVERSION = YES;
				CLANG_WARN_OBJC_IMPLICIT_RETAIN_SELF = YES;
				CLANG_WARN_OBJC_LITERAL_CONVERSION = YES;
				CLANG_WARN_OBJC_ROOT_CLASS = YES_ERROR;
				CLANG_WARN_QUOTED_INCLUDE_IN_FRAMEWORK_HEADER = YES;
				CLANG_WARN_RANGE_LOOP_ANALYSIS = YES;
				CLANG_WARN_STRICT_PROTOTYPES = YES;
				CLANG_WARN_SUSPICIOUS_MOVE = YES;
				CLANG_WARN_UNGUARDED_AVAILABILITY = YES_AGGRESSIVE;
				CLANG_WARN_UNREACHABLE_CODE = YES;
				CLANG_WARN__DUPLICATE_METHOD_MATCH = YES;
				COPY_PHASE_STRIP = NO;
				DEBUG_INFORMATION_FORMAT = "dwarf-with-dsym";
				ENABLE_NS_ASSERTIONS = NO;
				ENABLE_STRICT_OBJC_MSGSEND = YES;
				GCC_C_LANGUAGE_STANDARD = gnu11;
				GCC_NO_COMMON_BLOCKS = YES;
				GCC_WARN_64_TO_32_BIT_CONVERSION = YES;
				GCC_WARN_ABOUT_RETURN_TYPE = YES_ERROR;
				GCC_WARN_UNDECLARED_SELECTOR = YES;
				GCC_WARN_UNINITIALIZED_AUTOS = YES_AGGRESSIVE;
				GCC_WARN_UNUSED_FUNCTION = YES;
				GCC_WARN_UNUSED_VARIABLE = YES;
				IPHONEOS_DEPLOYMENT_TARGET = 15.2;
				MTL_ENABLE_DEBUG_INFO = NO;
				MTL_FAST_MATH = YES;
				SDKROOT = iphoneos;
				SWIFT_COMPILATION_MODE = wholemodule;
				SWIFT_OPTIMIZATION_LEVEL = "-O";
				VALIDATE_PRODUCT = YES;
			};
			name = Release;
		};
		32A33D6A279E433600267B10 /* Debug */ = {
			isa = XCBuildConfiguration;
			buildSettings = {
				ASSETCATALOG_COMPILER_APPICON_NAME = AppIcon;
				ASSETCATALOG_COMPILER_GLOBAL_ACCENT_COLOR_NAME = AccentColor;
				CODE_SIGN_STYLE = Automatic;
				CURRENT_PROJECT_VERSION = 1;
				GENERATE_INFOPLIST_FILE = YES;
				INFOPLIST_FILE = loancalc/Info.plist;
				INFOPLIST_KEY_UIApplicationSupportsIndirectInputEvents = YES;
				INFOPLIST_KEY_UILaunchStoryboardName = LaunchScreen;
				INFOPLIST_KEY_UIMainStoryboardFile = Main;
				INFOPLIST_KEY_UISupportedInterfaceOrientations_iPad = "UIInterfaceOrientationPortrait UIInterfaceOrientationPortraitUpsideDown UIInterfaceOrientationLandscapeLeft UIInterfaceOrientationLandscapeRight";
				INFOPLIST_KEY_UISupportedInterfaceOrientations_iPhone = "UIInterfaceOrientationPortrait UIInterfaceOrientationLandscapeLeft UIInterfaceOrientationLandscapeRight";
				LD_RUNPATH_SEARCH_PATHS = (
					"$(inherited)",
					"@executable_path/Frameworks",
				);
				MARKETING_VERSION = 1.0;
				PRODUCT_BUNDLE_IDENTIFIER = edu.Auburn.loancalc;
				PRODUCT_NAME = "$(TARGET_NAME)";
				SWIFT_EMIT_LOC_STRINGS = YES;
				SWIFT_VERSION = 5.0;
				TARGETED_DEVICE_FAMILY = "1,2";
			};
			name = Debug;
		};
		32A33D6B279E433600267B10 /* Release */ = {
			isa = XCBuildConfiguration;
			buildSettings = {
				ASSETCATALOG_COMPILER_APPICON_NAME = AppIcon;
				ASSETCATALOG_COMPILER_GLOBAL_ACCENT_COLOR_NAME = AccentColor;
				CODE_SIGN_STYLE = Automatic;
				CURRENT_PROJECT_VERSION = 1;
				GENERATE_INFOPLIST_FILE = YES;
				INFOPLIST_FILE = loancalc/Info.plist;
				INFOPLIST_KEY_UIApplicationSupportsIndirectInputEvents = YES;
				INFOPLIST_KEY_UILaunchStoryboardName = LaunchScreen;
				INFOPLIST_KEY_UIMainStoryboardFile = Main;
				INFOPLIST_KEY_UISupportedInterfaceOrientations_iPad = "UIInterfaceOrientationPortrait UIInterfaceOrientationPortraitUpsideDown UIInterfaceOrientationLandscapeLeft UIInterfaceOrientationLandscapeRight";
				INFOPLIST_KEY_UISupportedInterfaceOrientations_iPhone = "UIInterfaceOrientationPortrait UIInterfaceOrientationLandscapeLeft UIInterfaceOrientationLandscapeRight";
				LD_RUNPATH_SEARCH_PATHS = (
					"$(inherited)",
					"@executable_path/Frameworks",
				);
				MARKETING_VERSION = 1.0;
				PRODUCT_BUNDLE_IDENTIFIER = edu.Auburn.loancalc;
				PRODUCT_NAME = "$(TARGET_NAME)";
				SWIFT_EMIT_LOC_STRINGS = YES;
				SWIFT_VERSION = 5.0;
				TARGETED_DEVICE_FAMILY = "1,2";
			};
			name = Release;
		};
		32A33D6D279E433600267B10 /* Debug */ = {
			isa = XCBuildConfiguration;
			buildSettings = {
				ALWAYS_EMBED_SWIFT_STANDARD_LIBRARIES = YES;
				BUNDLE_LOADER = "$(TEST_HOST)";
				CODE_SIGN_STYLE = Automatic;
				CURRENT_PROJECT_VERSION = 1;
				GENERATE_INFOPLIST_FILE = YES;
				IPHONEOS_DEPLOYMENT_TARGET = 15.2;
				MARKETING_VERSION = 1.0;
				PRODUCT_BUNDLE_IDENTIFIER = edu.Auburn.loancalcTests;
				PRODUCT_NAME = "$(TARGET_NAME)";
				SWIFT_EMIT_LOC_STRINGS = NO;
				SWIFT_VERSION = 5.0;
				TARGETED_DEVICE_FAMILY = "1,2";
				TEST_HOST = "$(BUILT_PRODUCTS_DIR)/loancalc.app/loancalc";
			};
			name = Debug;
		};
		32A33D6E279E433600267B10 /* Release */ = {
			isa = XCBuildConfiguration;
			buildSettings = {
				ALWAYS_EMBED_SWIFT_STANDARD_LIBRARIES = YES;
				BUNDLE_LOADER = "$(TEST_HOST)";
				CODE_SIGN_STYLE = Automatic;
				CURRENT_PROJECT_VERSION = 1;
				GENERATE_INFOPLIST_FILE = YES;
				IPHONEOS_DEPLOYMENT_TARGET = 15.2;
				MARKETING_VERSION = 1.0;
				PRODUCT_BUNDLE_IDENTIFIER = edu.Auburn.loancalcTests;
				PRODUCT_NAME = "$(TARGET_NAME)";
				SWIFT_EMIT_LOC_STRINGS = NO;
				SWIFT_VERSION = 5.0;
				TARGETED_DEVICE_FAMILY = "1,2";
				TEST_HOST = "$(BUILT_PRODUCTS_DIR)/loancalc.app/loancalc";
			};
			name = Release;
		};
		32A33D70279E433600267B10 /* Debug */ = {
			isa = XCBuildConfiguration;
			buildSettings = {
				ALWAYS_EMBED_SWIFT_STANDARD_LIBRARIES = YES;
				CODE_SIGN_STYLE = Automatic;
				CURRENT_PROJECT_VERSION = 1;
				GENERATE_INFOPLIST_FILE = YES;
				MARKETING_VERSION = 1.0;
				PRODUCT_BUNDLE_IDENTIFIER = edu.Auburn.loancalcUITests;
				PRODUCT_NAME = "$(TARGET_NAME)";
				SWIFT_EMIT_LOC_STRINGS = NO;
				SWIFT_VERSION = 5.0;
				TARGETED_DEVICE_FAMILY = "1,2";
				TEST_TARGET_NAME = loancalc;
			};
			name = Debug;
		};
		32A33D71279E433600267B10 /* Release */ = {
			isa = XCBuildConfiguration;
			buildSettings = {
				ALWAYS_EMBED_SWIFT_STANDARD_LIBRARIES = YES;
				CODE_SIGN_STYLE = Automatic;
				CURRENT_PROJECT_VERSION = 1;
				GENERATE_INFOPLIST_FILE = YES;
				MARKETING_VERSION = 1.0;
				PRODUCT_BUNDLE_IDENTIFIER = edu.Auburn.loancalcUITests;
				PRODUCT_NAME = "$(TARGET_NAME)";
				SWIFT_EMIT_LOC_STRINGS = NO;
				SWIFT_VERSION = 5.0;
				TARGETED_DEVICE_FAMILY = "1,2";
				TEST_TARGET_NAME = loancalc;
			};
			name = Release;
		};
/* End XCBuildConfiguration section */

/* Begin XCConfigurationList section */
		32A33D3A279E433500267B10 /* Build configuration list for PBXProject "loancalc" */ = {
			isa = XCConfigurationList;
			buildConfigurations = (
				32A33D67279E433600267B10 /* Debug */,
				32A33D68279E433600267B10 /* Release */,
			);
			defaultConfigurationIsVisible = 0;
			defaultConfigurationName = Release;
		};
		32A33D69279E433600267B10 /* Build configuration list for PBXNativeTarget "loancalc" */ = {
			isa = XCConfigurationList;
			buildConfigurations = (
				32A33D6A279E433600267B10 /* Debug */,
				32A33D6B279E433600267B10 /* Release */,
			);
			defaultConfigurationIsVisible = 0;
			defaultConfigurationName = Release;
		};
		32A33D6C279E433600267B10 /* Build configuration list for PBXNativeTarget "loancalcTests" */ = {
			isa = XCConfigurationList;
			buildConfigurations = (
				32A33D6D279E433600267B10 /* Debug */,
				32A33D6E279E433600267B10 /* Release */,
			);
			defaultConfigurationIsVisible = 0;
			defaultConfigurationName = Release;
		};
		32A33D6F279E433600267B10 /* Build configuration list for PBXNativeTarget "loancalcUITests" */ = {
			isa = XCConfigurationList;
			buildConfigurations = (
				32A33D70279E433600267B10 /* Debug */,
				32A33D71279E433600267B10 /* Release */,
			);
			defaultConfigurationIsVisible = 0;
			defaultConfigurationName = Release;
		};
/* End XCConfigurationList section */
	};
	rootObject = 32A33D37279E433500267B10 /* Project object */;
}
